
Microsoft Visual Studio Solution File, Format Version 12.00
# Visual Studio Version 16
VisualStudioVersion = 16.0.31729.503
MinimumVisualStudioVersion = 10.0.40219.1
Project("{FAE04EC0-301F-11D3-BF4B-00C04F79EFBC}") = "RestaurantManagementOrder", "RestaurantManagementOrder.csproj", "{FD6AE8C2-A497-4AE4-AF31-C37FB4CB7A98}"
EndProject
Global
	GlobalSection(SolutionConfigurationPlatforms) = preSolution
		Debug|Any CPU = Debug|Any CPU
		Release|Any CPU = Release|Any CPU
	EndGlobalSection
	GlobalSection(ProjectConfigurationPlatforms) = postSolution
		{FD6AE8C2-A497-4AE4-AF31-C37FB4CB7A98}.Debug|Any CPU.ActiveCfg = Debug|Any CPU
		{FD6AE8C2-A497-4AE4-AF31-C37FB4CB7A98}.Debug|Any CPU.Build.0 = Debug|Any CPU
		{FD6AE8C2-A497-4AE4-AF31-C37FB4CB7A98}.Release|Any CPU.ActiveCfg = Release|Any CPU
		{FD6AE8C2-A497-4AE4-AF31-C37FB4CB7A98}.Release|Any CPU.Build.0 = Release|Any CPU
	EndGlobalSection
	GlobalSection(SolutionProperties) = preSolution
		HideSolutionNode = FALSE
	EndGlobalSection
	GlobalSection(ExtensibilityGlobals) = postSolution
		SolutionGuid = {5C57EC7F-250F-4645-881E-8C3553574A50}
	EndGlobalSection
EndGlobal
